# This file was autogenerated by Stack.
# You should not edit this file by hand.
# For more information, please see the documentation at:
#   https://docs.haskellstack.org/en/stable/lock_files

packages:
- completed:
    commit: 242308c2665c052e0a78e0707374c709b85e6c12
    git: https://github.com/Gauteab/concur-replica
    name: concur-replica
    pantry-tree:
      sha256: 0493ace8f99d26decee241aa064fcab773496aacc63e3b239c7c6de3db671c05
      size: 1854
    version: 0.1.0.0
  original:
    commit: 242308c2665c052e0a78e0707374c709b85e6c12
    git: https://github.com/Gauteab/concur-replica
- completed:
    commit: dc5347b35c79654d58fa95716f425ee7248504fb
    git: https://github.com/pkamenarsky/concur.git
    name: concur-core
    pantry-tree:
      sha256: eabfe92d565da1d364116710507e4b0dbc7ea642863fac41c5456aa46cfd3a5a
      size: 728
    subdir: concur-core
    version: 0.1.0.0
  original:
    commit: dc5347b35c79654d58fa95716f425ee7248504fb
    git: https://github.com/pkamenarsky/concur.git
    subdir: concur-core
- completed:
    commit: 46d2fd3b2c236d573f1d6002eb58cc95b2ba03b9
    git: https://github.com/pkamenarsky/replica.git
    name: replica
    pantry-tree:
      sha256: 2a7438ab731a9e4fa53136abe3889979a35d1047e8ad3843d6a5d60d22979102
      size: 1319
    version: 0.1.0.0
  original:
    commit: 46d2fd3b2c236d573f1d6002eb58cc95b2ba03b9
    git: https://github.com/pkamenarsky/replica.git
snapshots:
- completed:
    sha256: 85d2382958c178491d3fe50d770a624621f5ab456beef7d31ac7521f780c9bc7
    size: 640042
    url: https://raw.githubusercontent.com/commercialhaskell/stackage-snapshots/master/lts/21/17.yaml
  original: lts-21.17
